
Microsoft Visual Studio Solution File, Format Version 12.00
# Visual Studio Version 17
VisualStudioVersion = 17.9.34616.47
MinimumVisualStudioVersion = 10.0.40219.1
Project("{FAE04EC0-301F-11D3-BF4B-00C04F79EFBC}") = "TelcoGroup", "TelcoGroup\TelcoGroup.csproj", "{7A257E49-9AD5-49AD-AE4A-55C52359411E}"
EndProject
Global
	GlobalSection(SolutionConfigurationPlatforms) = preSolution
		Debug|Any CPU = Debug|Any CPU
		Release|Any CPU = Release|Any CPU
	EndGlobalSection
	GlobalSection(ProjectConfigurationPlatforms) = postSolution
		{7A257E49-9AD5-49AD-AE4A-55C52359411E}.Debug|Any CPU.ActiveCfg = Debug|Any CPU
		{7A257E49-9AD5-49AD-AE4A-55C52359411E}.Debug|Any CPU.Build.0 = Debug|Any CPU
		{7A257E49-9AD5-49AD-AE4A-55C52359411E}.Release|Any CPU.ActiveCfg = Release|Any CPU
		{7A257E49-9AD5-49AD-AE4A-55C52359411E}.Release|Any CPU.Build.0 = Release|Any CPU
	EndGlobalSection
	GlobalSection(SolutionProperties) = preSolution
		HideSolutionNode = FALSE
	EndGlobalSection
	GlobalSection(ExtensibilityGlobals) = postSolution
		SolutionGuid = {AF3F9A4F-67B1-4CC8-9B0F-AC220C615C53}
	EndGlobalSection
EndGlobal
